
Microsoft Visual Studio Solution File, Format Version 12.00
# Visual Studio Version 17
VisualStudioVersion = 17.5.33502.453
MinimumVisualStudioVersion = 10.0.40219.1
Project("{9A19103F-16F7-4668-BE54-9A1E7A4F7556}") = "OrleansIoT.GrainInterfaces", "OrleansIoT.GrainInterfaces\OrleansIoT.GrainInterfaces.csproj", "{54CACE87-2BA1-44AA-952E-A589627CD5FD}"
EndProject
Project("{9A19103F-16F7-4668-BE54-9A1E7A4F7556}") = "OrleansIoT.GrainClasses", "OrleansIoT.GrainClasses\OrleansIoT.GrainClasses.csproj", "{ABE380AF-1BE9-4538-B5D5-7F511896E8BE}"
EndProject
Project("{9A19103F-16F7-4668-BE54-9A1E7A4F7556}") = "OrleansIoT.TestSilo", "OrleansIoT.TestSilo\OrleansIoT.TestSilo.csproj", "{C8B05854-D068-4B73-B41A-2D83892E81E0}"
EndProject
Project("{9A19103F-16F7-4668-BE54-9A1E7A4F7556}") = "OrleansIoT.TestClient", "OrleansIoT.Testclient\OrleansIoT.TestClient.csproj", "{4178B483-5DDF-4F5A-9F3E-2CD03CB5A2D2}"
EndProject
Project("{9A19103F-16F7-4668-BE54-9A1E7A4F7556}") = "OrleansIoT.Core", "OrleansIoT.Core\OrleansIoT.Core.csproj", "{DDBF820F-0760-4EB2-9924-CFE779AE45AF}"
EndProject
Project("{9A19103F-16F7-4668-BE54-9A1E7A4F7556}") = "OrleansIoT.FileStorage", "OrleansIoT.FileStorage\OrleansIoT.FileStorage.csproj", "{4B359F77-B95C-4B3C-9169-4F74F704AC78}"
EndProject
Project("{FAE04EC0-301F-11D3-BF4B-00C04F79EFBC}") = "WebAPI", "WebAPI\WebAPI.csproj", "{B603C83D-E7D2-42E0-995A-324321B8D065}"
EndProject
Global
	GlobalSection(SolutionConfigurationPlatforms) = preSolution
		Debug|Any CPU = Debug|Any CPU
		Release|Any CPU = Release|Any CPU
	EndGlobalSection
	GlobalSection(ProjectConfigurationPlatforms) = postSolution
		{54CACE87-2BA1-44AA-952E-A589627CD5FD}.Debug|Any CPU.ActiveCfg = Debug|Any CPU
		{54CACE87-2BA1-44AA-952E-A589627CD5FD}.Debug|Any CPU.Build.0 = Debug|Any CPU
		{54CACE87-2BA1-44AA-952E-A589627CD5FD}.Release|Any CPU.ActiveCfg = Release|Any CPU
		{54CACE87-2BA1-44AA-952E-A589627CD5FD}.Release|Any CPU.Build.0 = Release|Any CPU
		{ABE380AF-1BE9-4538-B5D5-7F511896E8BE}.Debug|Any CPU.ActiveCfg = Debug|Any CPU
		{ABE380AF-1BE9-4538-B5D5-7F511896E8BE}.Debug|Any CPU.Build.0 = Debug|Any CPU
		{ABE380AF-1BE9-4538-B5D5-7F511896E8BE}.Release|Any CPU.ActiveCfg = Release|Any CPU
		{ABE380AF-1BE9-4538-B5D5-7F511896E8BE}.Release|Any CPU.Build.0 = Release|Any CPU
		{C8B05854-D068-4B73-B41A-2D83892E81E0}.Debug|Any CPU.ActiveCfg = Debug|Any CPU
		{C8B05854-D068-4B73-B41A-2D83892E81E0}.Debug|Any CPU.Build.0 = Debug|Any CPU
		{C8B05854-D068-4B73-B41A-2D83892E81E0}.Release|Any CPU.ActiveCfg = Release|Any CPU
		{C8B05854-D068-4B73-B41A-2D83892E81E0}.Release|Any CPU.Build.0 = Release|Any CPU
		{4178B483-5DDF-4F5A-9F3E-2CD03CB5A2D2}.Debug|Any CPU.ActiveCfg = Debug|Any CPU
		{4178B483-5DDF-4F5A-9F3E-2CD03CB5A2D2}.Debug|Any CPU.Build.0 = Debug|Any CPU
		{4178B483-5DDF-4F5A-9F3E-2CD03CB5A2D2}.Release|Any CPU.ActiveCfg = Release|Any CPU
		{4178B483-5DDF-4F5A-9F3E-2CD03CB5A2D2}.Release|Any CPU.Build.0 = Release|Any CPU
		{DDBF820F-0760-4EB2-9924-CFE779AE45AF}.Debug|Any CPU.ActiveCfg = Debug|Any CPU
		{DDBF820F-0760-4EB2-9924-CFE779AE45AF}.Debug|Any CPU.Build.0 = Debug|Any CPU
		{DDBF820F-0760-4EB2-9924-CFE779AE45AF}.Release|Any CPU.ActiveCfg = Release|Any CPU
		{DDBF820F-0760-4EB2-9924-CFE779AE45AF}.Release|Any CPU.Build.0 = Release|Any CPU
		{4B359F77-B95C-4B3C-9169-4F74F704AC78}.Debug|Any CPU.ActiveCfg = Debug|Any CPU
		{4B359F77-B95C-4B3C-9169-4F74F704AC78}.Debug|Any CPU.Build.0 = Debug|Any CPU
		{4B359F77-B95C-4B3C-9169-4F74F704AC78}.Release|Any CPU.ActiveCfg = Release|Any CPU
		{4B359F77-B95C-4B3C-9169-4F74F704AC78}.Release|Any CPU.Build.0 = Release|Any CPU
		{B603C83D-E7D2-42E0-995A-324321B8D065}.Debug|Any CPU.ActiveCfg = Debug|Any CPU
		{B603C83D-E7D2-42E0-995A-324321B8D065}.Debug|Any CPU.Build.0 = Debug|Any CPU
		{B603C83D-E7D2-42E0-995A-324321B8D065}.Release|Any CPU.ActiveCfg = Release|Any CPU
		{B603C83D-E7D2-42E0-995A-324321B8D065}.Release|Any CPU.Build.0 = Release|Any CPU
	EndGlobalSection
	GlobalSection(SolutionProperties) = preSolution
		HideSolutionNode = FALSE
	EndGlobalSection
	GlobalSection(ExtensibilityGlobals) = postSolution
		SolutionGuid = {8ED5BCC6-F6AF-40E7-B187-2BB38D0CC4E3}
	EndGlobalSection
EndGlobal
