
Microsoft Visual Studio Solution File, Format Version 12.00
# Visual Studio Version 17
VisualStudioVersion = 17.5.33502.453
MinimumVisualStudioVersion = 10.0.40219.1
Project("{9A19103F-16F7-4668-BE54-9A1E7A4F7556}") = "OrleansIoT.GrainInterfaces", "OrleansIoT.GrainInterfaces\OrleansIoT.GrainInterfaces.csproj", "{54CACE87-2BA1-44AA-952E-A589627CD5FD}"
EndProject
Project("{9A19103F-16F7-4668-BE54-9A1E7A4F7556}") = "OrleansIoT.GrainClasses", "OrleansIoT.GrainClasses\OrleansIoT.GrainClasses.csproj", "{ABE380AF-1BE9-4538-B5D5-7F511896E8BE}"
EndProject
Project("{9A19103F-16F7-4668-BE54-9A1E7A4F7556}") = "OrleansIoT.TestSilo", "OrleansIoT.TestSilo\OrleansIoT.TestSilo.csproj", "{C8B05854-D068-4B73-B41A-2D83892E81E0}"
EndProject
Project("{9A19103F-16F7-4668-BE54-9A1E7A4F7556}") = "OrleansIoT.TestClient", "OrleansIoT.Testclient\OrleansIoT.TestClient.csproj", "{4178B483-5DDF-4F5A-9F3E-2CD03CB5A2D2}"
EndProject
Project("{9A19103F-16F7-4668-BE54-9A1E7A4F7556}") = "OrleansIoT.Core", "OrleansIoT.Core\OrleansIoT.Core\OrleansIoT.Core.csproj", "{E8FEC3FD-C9E6-48FA-AAF0-B9C54DC4E76B}"
EndProject
Project("{9A19103F-16F7-4668-BE54-9A1E7A4F7556}") = "OrleansIoT.FileStorage", "FileStorage\OrleansIoT.FileStorage\OrleansIoT.FileStorage.csproj", "{70EDB2BF-8EB5-4D7A-B675-9615BA23E8B0}"
EndProject
Global
	GlobalSection(SolutionConfigurationPlatforms) = preSolution
		Debug|Any CPU = Debug|Any CPU
		Release|Any CPU = Release|Any CPU
	EndGlobalSection
	GlobalSection(ProjectConfigurationPlatforms) = postSolution
		{54CACE87-2BA1-44AA-952E-A589627CD5FD}.Debug|Any CPU.ActiveCfg = Debug|Any CPU
		{54CACE87-2BA1-44AA-952E-A589627CD5FD}.Debug|Any CPU.Build.0 = Debug|Any CPU
		{54CACE87-2BA1-44AA-952E-A589627CD5FD}.Release|Any CPU.ActiveCfg = Release|Any CPU
		{54CACE87-2BA1-44AA-952E-A589627CD5FD}.Release|Any CPU.Build.0 = Release|Any CPU
		{ABE380AF-1BE9-4538-B5D5-7F511896E8BE}.Debug|Any CPU.ActiveCfg = Debug|Any CPU
		{ABE380AF-1BE9-4538-B5D5-7F511896E8BE}.Debug|Any CPU.Build.0 = Debug|Any CPU
		{ABE380AF-1BE9-4538-B5D5-7F511896E8BE}.Release|Any CPU.ActiveCfg = Release|Any CPU
		{ABE380AF-1BE9-4538-B5D5-7F511896E8BE}.Release|Any CPU.Build.0 = Release|Any CPU
		{C8B05854-D068-4B73-B41A-2D83892E81E0}.Debug|Any CPU.ActiveCfg = Debug|Any CPU
		{C8B05854-D068-4B73-B41A-2D83892E81E0}.Debug|Any CPU.Build.0 = Debug|Any CPU
		{C8B05854-D068-4B73-B41A-2D83892E81E0}.Release|Any CPU.ActiveCfg = Release|Any CPU
		{C8B05854-D068-4B73-B41A-2D83892E81E0}.Release|Any CPU.Build.0 = Release|Any CPU
		{4178B483-5DDF-4F5A-9F3E-2CD03CB5A2D2}.Debug|Any CPU.ActiveCfg = Debug|Any CPU
		{4178B483-5DDF-4F5A-9F3E-2CD03CB5A2D2}.Debug|Any CPU.Build.0 = Debug|Any CPU
		{4178B483-5DDF-4F5A-9F3E-2CD03CB5A2D2}.Release|Any CPU.ActiveCfg = Release|Any CPU
		{4178B483-5DDF-4F5A-9F3E-2CD03CB5A2D2}.Release|Any CPU.Build.0 = Release|Any CPU
		{E8FEC3FD-C9E6-48FA-AAF0-B9C54DC4E76B}.Debug|Any CPU.ActiveCfg = Debug|Any CPU
		{E8FEC3FD-C9E6-48FA-AAF0-B9C54DC4E76B}.Debug|Any CPU.Build.0 = Debug|Any CPU
		{E8FEC3FD-C9E6-48FA-AAF0-B9C54DC4E76B}.Release|Any CPU.ActiveCfg = Release|Any CPU
		{E8FEC3FD-C9E6-48FA-AAF0-B9C54DC4E76B}.Release|Any CPU.Build.0 = Release|Any CPU
		{70EDB2BF-8EB5-4D7A-B675-9615BA23E8B0}.Debug|Any CPU.ActiveCfg = Debug|Any CPU
		{70EDB2BF-8EB5-4D7A-B675-9615BA23E8B0}.Debug|Any CPU.Build.0 = Debug|Any CPU
		{70EDB2BF-8EB5-4D7A-B675-9615BA23E8B0}.Release|Any CPU.ActiveCfg = Release|Any CPU
		{70EDB2BF-8EB5-4D7A-B675-9615BA23E8B0}.Release|Any CPU.Build.0 = Release|Any CPU
	EndGlobalSection
	GlobalSection(SolutionProperties) = preSolution
		HideSolutionNode = FALSE
	EndGlobalSection
	GlobalSection(ExtensibilityGlobals) = postSolution
		SolutionGuid = {8ED5BCC6-F6AF-40E7-B187-2BB38D0CC4E3}
	EndGlobalSection
EndGlobal
